
Microsoft Visual Studio Solution File, Format Version 12.00
# Visual Studio Version 17
VisualStudioVersion = 17.12.35527.113
MinimumVisualStudioVersion = 10.0.40219.1
Project("{FAE04EC0-301F-11D3-BF4B-00C04F79EFBC}") = "Mission06_Gerard", "WebApplication1\Mission06_Gerard.csproj", "{9DA59A89-2D42-4CD5-88A2-32CA65791011}"
EndProject
Global
	GlobalSection(SolutionConfigurationPlatforms) = preSolution
		Debug|Any CPU = Debug|Any CPU
		Release|Any CPU = Release|Any CPU
	EndGlobalSection
	GlobalSection(ProjectConfigurationPlatforms) = postSolution
		{9DA59A89-2D42-4CD5-88A2-32CA65791011}.Debug|Any CPU.ActiveCfg = Debug|Any CPU
		{9DA59A89-2D42-4CD5-88A2-32CA65791011}.Debug|Any CPU.Build.0 = Debug|Any CPU
		{9DA59A89-2D42-4CD5-88A2-32CA65791011}.Release|Any CPU.ActiveCfg = Release|Any CPU
		{9DA59A89-2D42-4CD5-88A2-32CA65791011}.Release|Any CPU.Build.0 = Release|Any CPU
	EndGlobalSection
	GlobalSection(SolutionProperties) = preSolution
		HideSolutionNode = FALSE
	EndGlobalSection
EndGlobal
